<?xml version="1.0" encoding="utf-8"?>
<Project ToolsVersion="4.0" xmlns="http://schemas.microsoft.com/developer/msbuild/2003">
  <ItemGroup>
    <Filter Include="Source Files">
      <UniqueIdentifier>{4FC737F1-C7A5-4376-A066-2A32D752A2FF}</UniqueIdentifier>
      <Extensions>cpp;c;cc;cxx;c++;cppm;ixx;def;odl;idl;hpj;bat;asm;asmx</Extensions>
    </Filter>
    <Filter Include="Header Files">
      <UniqueIdentifier>{93995380-89BD-4b04-88EB-625FBE52EBFB}</UniqueIdentifier>
      <Extensions>h;hh;hpp;hxx;h++;hm;inl;inc;ipp;xsd</Extensions>
    </Filter>
    <Filter Include="Resource Files">
      <UniqueIdentifier>{67DA6AB6-F800-4c08-8B7A-83BB121AAD01}</UniqueIdentifier>
      <Extensions>rc;ico;cur;bmp;dlg;rc2;rct;bin;rgs;gif;jpg;jpeg;jpe;resx;tiff;tif;png;wav;mfcribbon-ms</Extensions>
    </Filter>
    <Filter Include="Source Files\tools">
      <UniqueIdentifier>{8c87a28e-12d7-4ab6-808b-52f6856ad04b}</UniqueIdentifier>
    </Filter>
    <Filter Include="Tables">
      <UniqueIdentifier>{b3fec6eb-1e8a-47b5-b745-06e0ae0c020f}</UniqueIdentifier>
    </Filter>
  </ItemGroup>
  <ItemGroup>
    <ClInclude Include="PieceType.h">
      <Filter>Header Files</Filter>
    </ClInclude>
    <ClInclude Include="Piece.h">
      <Filter>Header Files</Filter>
    </ClInclude>
    <ClInclude Include="Player.h">
      <Filter>Header Files</Filter>
    </ClInclude>
    <ClInclude Include="Board.h">
      <Filter>Header Files</Filter>
    </ClInclude>
    <ClInclude Include="File.h">
      <Filter>Header Files</Filter>
    </ClInclude>
    <ClInclude Include="Rank.h">
      <Filter>Header Files</Filter>
    </ClInclude>
    <ClInclude Include="Square.h">
      <Filter>Header Files</Filter>
    </ClInclude>
    <ClInclude Include="Move.h">
      <Filter>Header Files</Filter>
    </ClInclude>
    <ClInclude Include="BoardStack.h">
      <Filter>Header Files</Filter>
    </ClInclude>
    <ClInclude Include="Intrinsics.h">
      <Filter>Header Files</Filter>
    </ClInclude>
    <ClInclude Include="StringStruct.h">
      <Filter>Header Files</Filter>
    </ClInclude>
    <ClInclude Include="FEN.h">
      <Filter>Header Files</Filter>
    </ClInclude>
    <ClInclude Include="Zobrist.h">
      <Filter>Header Files</Filter>
    </ClInclude>
    <ClInclude Include="Random.h">
      <Filter>Header Files</Filter>
    </ClInclude>
    <ClInclude Include="Transposition.h">
      <Filter>Header Files</Filter>
    </ClInclude>
    <ClInclude Include="StaticAssert.h">
      <Filter>Header Files</Filter>
    </ClInclude>
    <ClInclude Include="Init.h">
      <Filter>Header Files</Filter>
    </ClInclude>
    <ClInclude Include="MoveGeneration.h">
      <Filter>Header Files</Filter>
    </ClInclude>
    <ClInclude Include="tables\InBetweenMasks.h">
      <Filter>Tables</Filter>
    </ClInclude>
    <ClInclude Include="tables\MoveTables.h">
      <Filter>Tables</Filter>
    </ClInclude>
    <ClInclude Include="tables\PinIndices.h">
      <Filter>Tables</Filter>
    </ClInclude>
    <ClInclude Include="Evaluation.h">
      <Filter>Header Files</Filter>
    </ClInclude>
    <ClInclude Include="Word.h">
      <Filter>Header Files</Filter>
    </ClInclude>
    <ClInclude Include="Repetition.h">
      <Filter>Header Files</Filter>
    </ClInclude>
    <ClInclude Include="Thread.h">
      <Filter>Header Files</Filter>
    </ClInclude>
    <ClInclude Include="ThreadPool.h">
      <Filter>Header Files</Filter>
    </ClInclude>
    <ClInclude Include="Mutex.h">
      <Filter>Header Files</Filter>
    </ClInclude>
    <ClInclude Include="ConditionVariable.h">
      <Filter>Header Files</Filter>
    </ClInclude>
    <ClInclude Include="WindowsInclude.h">
      <Filter>Header Files</Filter>
    </ClInclude>
    <ClInclude Include="KillerMove.h">
      <Filter>Header Files</Filter>
    </ClInclude>
    <ClInclude Include="OpeningBook.h">
      <Filter>Header Files</Filter>
    </ClInclude>
    <ClInclude Include="MoveOrderer.h">
      <Filter>Header Files</Filter>
    </ClInclude>
    <ClInclude Include="MoveLine.h">
      <Filter>Header Files</Filter>
    </ClInclude>
    <ClInclude Include="StaticEval.h">
      <Filter>Header Files</Filter>
    </ClInclude>
    <ClInclude Include="Options.h">
      <Filter>Header Files</Filter>
    </ClInclude>
    <ClInclude Include="Logger.h">
      <Filter>Header Files</Filter>
    </ClInclude>
    <ClInclude Include="MemoryMappedFile.h">
      <Filter>Header Files</Filter>
    </ClInclude>
    <ClInclude Include="Syzygy.h">
      <Filter>Header Files</Filter>
    </ClInclude>
    <ClInclude Include="stdendian.h">
      <Filter>Header Files</Filter>
    </ClInclude>
    <ClInclude Include="Sort.h">
      <Filter>Header Files</Filter>
    </ClInclude>
    <ClInclude Include="MinMax.h">
      <Filter>Header Files</Filter>
    </ClInclude>
  </ItemGroup>
  <ItemGroup>
    <ClCompile Include="main.c">
      <Filter>Source Files</Filter>
    </ClCompile>
    <ClCompile Include="Init.c">
      <Filter>Source Files</Filter>
    </ClCompile>
    <ClCompile Include="MoveGeneration.c">
      <Filter>Source Files</Filter>
    </ClCompile>
    <ClCompile Include="tables\InBetweenMasks.c">
      <Filter>Tables</Filter>
    </ClCompile>
    <ClCompile Include="tables\MoveTables.c">
      <Filter>Tables</Filter>
    </ClCompile>
    <ClCompile Include="tables\PinIndices.c">
      <Filter>Tables</Filter>
    </ClCompile>
    <ClCompile Include="Evaluation.c">
      <Filter>Source Files</Filter>
    </ClCompile>
    <ClCompile Include="FEN.c">
      <Filter>Source Files</Filter>
    </ClCompile>
    <ClCompile Include="tools\BitboardGeneration.c">
      <Filter>Source Files\tools</Filter>
    </ClCompile>
    <ClCompile Include="tools\BitboardSpeedTests.c">
      <Filter>Source Files\tools</Filter>
    </ClCompile>
    <ClCompile Include="tools\InBetweenMaskGeneration.c">
      <Filter>Source Files\tools</Filter>
    </ClCompile>
    <ClCompile Include="tools\MoveTableGeneration.c">
      <Filter>Source Files\tools</Filter>
    </ClCompile>
    <ClCompile Include="tools\MoveTest.c">
      <Filter>Source Files\tools</Filter>
    </ClCompile>
    <ClCompile Include="tools\PinIndexGeneration.c">
      <Filter>Source Files\tools</Filter>
    </ClCompile>
    <ClCompile Include="Board.c">
      <Filter>Source Files</Filter>
    </ClCompile>
    <ClCompile Include="Zobrist.c">
      <Filter>Source Files</Filter>
    </ClCompile>
    <ClCompile Include="Thread.c">
      <Filter>Source Files</Filter>
    </ClCompile>
    <ClCompile Include="ThreadPool.c">
      <Filter>Source Files</Filter>
    </ClCompile>
    <ClCompile Include="Mutex.c">
      <Filter>Source Files</Filter>
    </ClCompile>
    <ClCompile Include="ConditionVariable.c">
      <Filter>Source Files</Filter>
    </ClCompile>
    <ClCompile Include="OpeningBook.c">
      <Filter>Source Files</Filter>
    </ClCompile>
    <ClCompile Include="OpeningBookGeneration.c">
      <Filter>Source Files\tools</Filter>
    </ClCompile>
    <ClCompile Include="MoveOrderer.c">
      <Filter>Source Files</Filter>
    </ClCompile>
    <ClCompile Include="StaticEval.c">
      <Filter>Source Files</Filter>
    </ClCompile>
    <ClCompile Include="Options.c">
      <Filter>Source Files</Filter>
    </ClCompile>
    <ClCompile Include="Logger.c">
      <Filter>Source Files</Filter>
    </ClCompile>
    <ClCompile Include="MemoryMappedFile.c">
      <Filter>Source Files</Filter>
    </ClCompile>
    <ClCompile Include="Syzygy.c">
      <Filter>Source Files</Filter>
    </ClCompile>
    <ClCompile Include="Sort.c">
      <Filter>Source Files</Filter>
    </ClCompile>
    <ClCompile Include="tools\UnitTests.c">
      <Filter>Source Files\tools</Filter>
    </ClCompile>
  </ItemGroup>
</Project>